isar:
  "lib/data/models/class_average_cache_model.dart": "90a643e1f50930f411ababfa34bab18aaa12cd9e793005d677f2f8196a3173d4"
  "lib/data/models/app_settings_model.dart": "5eb5af345f1347f104257f0999763650fe2673f9da1754bd12d3f756fe5c9723"
  "lib/data/models/omission_cache_model.dart": "896c653235faebb943e294aa9d75b2c994f1acfe911c29b957b14c0c8ab3d85c"
  "lib/data/models/message_cache_model.dart": "42c194a6025712d1ca2c303d6ef0955806019b483cecd7fa5147a9fa32431505"
  "lib/data/models/teacher_model.dart": "ffab1ff798c675301d2315f0ac1d195a8a3c11a49da5bda4f9aff63fedf36d1e"
  "lib/data/models/token_model.dart": "5db2b08a14fc36981e26d9a7e00086ce8931e2640a5b905c7eb86f63d7a15106"
  "lib/data/models/lesson_cache_model.dart": "096a6fb43b0c5d99b7032e6eb11cc3e2b1cae356f8cf5160cc3ebda36beb22a4"
  "lib/data/models/student_cache_model.dart": "404879e1ca8951e50dce84c4108e4ccd7276507004575667e0b5cade31d4a27a"
  "lib/data/models/class_group_cache_model.dart": "15d16696500186987b3ab2bb5aa26111dedf01f1f6db92589e99deed15775453"
  "lib/data/models/homework_cache_model.dart": "e65c5385dd6969e6bf1e8f8df6236858da8c884481b935064968d0716048c7c9"
  "lib/data/models/test_cache_model.dart": "d41b6e094267c9c847f382a0ce8a5b1633609d10b2567af82f328aaaa14c4054"
  "lib/data/models/grade_cache_model.dart": "192c65e52619dd44f8eac74cc3df39af69c414c9b087d31d50607ce9531aeecc"
  "lib/data/models/subject_cache_model.dart": "dc9fcfb0241d683ad95944cde761c143849151c4ec1c6ba50c2708f103f6fe3d"
