icons:
  "flutter_launcher_icons.yaml": "993c1cd3a99db70747299601e556d19ec959b0a16fd9ff2dbf2386cb6f2a640d"
  "pubspec.yaml": "97e478fd72968c34de0c0ad4421daa9b2e2531d60bb28a893d7d3b5a9a90116c"
  "assets/images/logos/colored_logo.webp": "4b4fa99d144fe6694aa4487ba1b26aeecafae41e3c877836cd7da28d61a77983"
  "assets/images/logos/monochrome_logo.png": "c269a5e689622484d800a4fda5927591a0bf99d34790a4f146b93cf6edabd455"
  "assets/images/logos/colored_logo_without_mustache.png": "d11cff9f38985885873bfdd2d84e61f8fab03803eada94d4caac1545ef3685f3"
  "assets/images/logos/colored_logo_only_mustache.png": "bad6220c11bdfb1dfe04e5173bd2ebedd3999689d4b3a68fc63dc520c96dd33b"
splash:
  "flutter_native_splash.yaml": "f1bddb74798b1539c4e9213ca9ae305d625ebb0ac5bcbe079b523437e0abc2c4"
  "assets/images/logos/splash.png": "88fbebc3d686cb9095bcce362029b69978b1b14270e465e91d962b1425db1152"
